// !$*UTF8*$!
{
	archiveVersion = 1;
	classes = {
	};
	objectVersion = 56;
	objects = {

/* Begin PBXBuildFile section */
		7A056AB22B1B5E870025F167 /* AVFoundation.framework in Frameworks */ = {isa = PBXBuildFile; fileRef = 7A056AB12B1B5E870025F167 /* AVFoundation.framework */; };
		7A056AB42B1B5E910025F167 /* Foundation.framework in Frameworks */ = {isa = PBXBuildFile; fileRef = 7A056AB32B1B5E910025F167 /* Foundation.framework */; };
		7A056AB62B1B5EA50025F167 /* AppKit.framework in Frameworks */ = {isa = PBXBuildFile; fileRef = 7A056AB52B1B5EA50025F167 /* AppKit.framework */; };
		7A71C0E42AF14549007EEEE0 /* WavyBackgrounds.h in Headers */ = {isa = PBXBuildFile; fileRef = 7A71C0E32AF14549007EEEE0 /* WavyBackgrounds.h */; };
		7A71C0E62AF14549007EEEE0 /* WavyBackgrounds.m in Sources */ = {isa = PBXBuildFile; fileRef = 7A71C0E52AF14549007EEEE0 /* WavyBackgrounds.m */; };
/* End PBXBuildFile section */

/* Begin PBXFileReference section */
		7A056AB12B1B5E870025F167 /* AVFoundation.framework */ = {isa = PBXFileReference; lastKnownFileType = wrapper.framework; name = AVFoundation.framework; path = System/Library/Frameworks/AVFoundation.framework; sourceTree = SDKROOT; };
		7A056AB32B1B5E910025F167 /* Foundation.framework */ = {isa = PBXFileReference; lastKnownFileType = wrapper.framework; name = Foundation.framework; path = System/Library/Frameworks/Foundation.framework; sourceTree = SDKROOT; };
		7A056AB52B1B5EA50025F167 /* AppKit.framework */ = {isa = PBXFileReference; lastKnownFileType = wrapper.framework; name = AppKit.framework; path = System/Library/Frameworks/AppKit.framework; sourceTree = SDKROOT; };
		7A71C0E02AF14549007EEEE0 /* liblibWavyBackgrounds.dylib */ = {isa = PBXFileReference; explicitFileType = "compiled.mach-o.dylib"; includeInIndex = 0; path = liblibWavyBackgrounds.dylib; sourceTree = BUILT_PRODUCTS_DIR; };
		7A71C0E32AF14549007EEEE0 /* WavyBackgrounds.h */ = {isa = PBXFileReference; lastKnownFileType = sourcecode.c.h; path = WavyBackgrounds.h; sourceTree = "<group>"; };
		7A71C0E52AF14549007EEEE0 /* WavyBackgrounds.m */ = {isa = PBXFileReference; lastKnownFileType = sourcecode.c.objc; path = WavyBackgrounds.m; sourceTree = "<group>"; };
/* End PBXFileReference section */

/* Begin PBXFrameworksBuildPhase section */
		7A71C0DE2AF14549007EEEE0 /* Frameworks */ = {
			isa = PBXFrameworksBuildPhase;
			buildActionMask = 2147483647;
			files = (
				7A056AB62B1B5EA50025F167 /* AppKit.framework in Frameworks */,
				7A056AB22B1B5E870025F167 /* AVFoundation.framework in Frameworks */,
				7A056AB42B1B5E910025F167 /* Foundation.framework in Frameworks */,
			);
			runOnlyForDeploymentPostprocessing = 0;
		};
/* End PBXFrameworksBuildPhase section */

/* Begin PBXGroup section */
		7A056AB02B1B5E870025F167 /* Frameworks */ = {
			isa = PBXGroup;
			children = (
				7A056AB52B1B5EA50025F167 /* AppKit.framework */,
				7A056AB32B1B5E910025F167 /* Foundation.framework */,
				7A056AB12B1B5E870025F167 /* AVFoundation.framework */,
			);
			name = Frameworks;
			sourceTree = "<group>";
		};
		7A71C0D72AF14549007EEEE0 = {
			isa = PBXGroup;
			children = (
				7A71C0E22AF14549007EEEE0 /* WavyBackgrounds */,
				7A71C0E12AF14549007EEEE0 /* Products */,
				7A056AB02B1B5E870025F167 /* Frameworks */,
			);
			sourceTree = "<group>";
		};
		7A71C0E12AF14549007EEEE0 /* Products */ = {
			isa = PBXGroup;
			children = (
				7A71C0E02AF14549007EEEE0 /* liblibWavyBackgrounds.dylib */,
			);
			name = Products;
			sourceTree = "<group>";
		};
		7A71C0E22AF14549007EEEE0 /* WavyBackgrounds */ = {
			isa = PBXGroup;
			children = (
				7A71C0E32AF14549007EEEE0 /* WavyBackgrounds.h */,
				7A71C0E52AF14549007EEEE0 /* WavyBackgrounds.m */,
			);
			path = WavyBackgrounds;
			sourceTree = "<group>";
		};
/* End PBXGroup section */

/* Begin PBXHeadersBuildPhase section */
		7A71C0DC2AF14549007EEEE0 /* Headers */ = {
			isa = PBXHeadersBuildPhase;
			buildActionMask = 2147483647;
			files = (
				7A71C0E42AF14549007EEEE0 /* WavyBackgrounds.h in Headers */,
			);
			runOnlyForDeploymentPostprocessing = 0;
		};
/* End PBXHeadersBuildPhase section */

/* Begin PBXNativeTarget section */
		7A71C0DF2AF14549007EEEE0 /* libWavyBackgrounds */ = {
			isa = PBXNativeTarget;
			buildConfigurationList = 7A71C0E92AF14549007EEEE0 /* Build configuration list for PBXNativeTarget "libWavyBackgrounds" */;
			buildPhases = (
				7A71C0DC2AF14549007EEEE0 /* Headers */,
				7A71C0DD2AF14549007EEEE0 /* Sources */,
				7A71C0DE2AF14549007EEEE0 /* Frameworks */,
			);
			buildRules = (
			);
			dependencies = (
			);
			name = libWavyBackgrounds;
			productName = WavyBackgrounds;
			productReference = 7A71C0E02AF14549007EEEE0 /* liblibWavyBackgrounds.dylib */;
			productType = "com.apple.product-type.library.dynamic";
		};
/* End PBXNativeTarget section */

/* Begin PBXProject section */
		7A71C0D82AF14549007EEEE0 /* Project object */ = {
			isa = PBXProject;
			attributes = {
				BuildIndependentTargetsInParallel = 1;
				LastUpgradeCheck = 1500;
				TargetAttributes = {
					7A71C0DF2AF14549007EEEE0 = {
						CreatedOnToolsVersion = 15.0.1;
					};
				};
			};
			buildConfigurationList = 7A71C0DB2AF14549007EEEE0 /* Build configuration list for PBXProject "libWavyBackgrounds" */;
			compatibilityVersion = "Xcode 14.0";
			developmentRegion = en;
			hasScannedForEncodings = 0;
			knownRegions = (
				en,
				Base,
			);
			mainGroup = 7A71C0D72AF14549007EEEE0;
			productRefGroup = 7A71C0E12AF14549007EEEE0 /* Products */;
			projectDirPath = "";
			projectRoot = "";
			targets = (
				7A71C0DF2AF14549007EEEE0 /* libWavyBackgrounds */,
			);
		};
/* End PBXProject section */

/* Begin PBXSourcesBuildPhase section */
		7A71C0DD2AF14549007EEEE0 /* Sources */ = {
			isa = PBXSourcesBuildPhase;
			buildActionMask = 2147483647;
			files = (
				7A71C0E62AF14549007EEEE0 /* WavyBackgrounds.m in Sources */,
			);
			runOnlyForDeploymentPostprocessing = 0;
		};
/* End PBXSourcesBuildPhase section */

/* Begin XCBuildConfiguration section */
		7A71C0E72AF14549007EEEE0 /* Debug */ = {
			isa = XCBuildConfiguration;
			buildSettings = {
				ALWAYS_SEARCH_USER_PATHS = NO;
				ASSETCATALOG_COMPILER_GENERATE_SWIFT_ASSET_SYMBOL_EXTENSIONS = YES;
				CLANG_ANALYZER_NONNULL = YES;
				CLANG_ANALYZER_NUMBER_OBJECT_CONVERSION = YES_AGGRESSIVE;
				CLANG_CXX_LANGUAGE_STANDARD = "gnu++20";
				CLANG_ENABLE_MODULES = YES;
				CLANG_ENABLE_OBJC_ARC = YES;
				CLANG_ENABLE_OBJC_WEAK = YES;
				CLANG_WARN_BLOCK_CAPTURE_AUTORELEASING = YES;
				CLANG_WARN_BOOL_CONVERSION = YES;
				CLANG_WARN_COMMA = YES;
				CLANG_WARN_CONSTANT_CONVERSION = YES;
				CLANG_WARN_DEPRECATED_OBJC_IMPLEMENTATIONS = YES;
				CLANG_WARN_DIRECT_OBJC_ISA_USAGE = YES_ERROR;
				CLANG_WARN_DOCUMENTATION_COMMENTS = YES;
				CLANG_WARN_EMPTY_BODY = YES;
				CLANG_WARN_ENUM_CONVERSION = YES;
				CLANG_WARN_INFINITE_RECURSION = YES;
				CLANG_WARN_INT_CONVERSION = YES;
				CLANG_WARN_NON_LITERAL_NULL_CONVERSION = YES;
				CLANG_WARN_OBJC_IMPLICIT_RETAIN_SELF = YES;
				CLANG_WARN_OBJC_LITERAL_CONVERSION = YES;
				CLANG_WARN_OBJC_ROOT_CLASS = YES_ERROR;
				CLANG_WARN_QUOTED_INCLUDE_IN_FRAMEWORK_HEADER = YES;
				CLANG_WARN_RANGE_LOOP_ANALYSIS = YES;
				CLANG_WARN_STRICT_PROTOTYPES = YES;
				CLANG_WARN_SUSPICIOUS_MOVE = YES;
				CLANG_WARN_UNGUARDED_AVAILABILITY = YES_AGGRESSIVE;
				CLANG_WARN_UNREACHABLE_CODE = YES;
				CLANG_WARN__DUPLICATE_METHOD_MATCH = YES;
				COPY_PHASE_STRIP = NO;
				DEBUG_INFORMATION_FORMAT = dwarf;
				ENABLE_STRICT_OBJC_MSGSEND = YES;
				ENABLE_TESTABILITY = YES;
				ENABLE_USER_SCRIPT_SANDBOXING = YES;
				GCC_C_LANGUAGE_STANDARD = gnu17;
				GCC_DYNAMIC_NO_PIC = NO;
				GCC_NO_COMMON_BLOCKS = YES;
				GCC_OPTIMIZATION_LEVEL = 0;
				GCC_PREPROCESSOR_DEFINITIONS = (
					"DEBUG=1",
					"$(inherited)",
				);
				GCC_WARN_64_TO_32_BIT_CONVERSION = YES;
				GCC_WARN_ABOUT_RETURN_TYPE = YES_ERROR;
				GCC_WARN_UNDECLARED_SELECTOR = YES;
				GCC_WARN_UNINITIALIZED_AUTOS = YES_AGGRESSIVE;
				GCC_WARN_UNUSED_FUNCTION = YES;
				GCC_WARN_UNUSED_VARIABLE = YES;
				LOCALIZATION_PREFERS_STRING_CATALOGS = YES;
				MACH_O_TYPE = mh_dylib;
				MACOSX_DEPLOYMENT_TARGET = 14.0;
				MTL_ENABLE_DEBUG_INFO = INCLUDE_SOURCE;
				MTL_FAST_MATH = YES;
				ONLY_ACTIVE_ARCH = NO;
				SDKROOT = macosx;
			};
			name = Debug;
		};
		7A71C0E82AF14549007EEEE0 /* Release */ = {
			isa = XCBuildConfiguration;
			buildSettings = {
				ALWAYS_SEARCH_USER_PATHS = NO;
				ASSETCATALOG_COMPILER_GENERATE_SWIFT_ASSET_SYMBOL_EXTENSIONS = YES;
				CLANG_ANALYZER_NONNULL = YES;
				CLANG_ANALYZER_NUMBER_OBJECT_CONVERSION = YES_AGGRESSIVE;
				CLANG_CXX_LANGUAGE_STANDARD = "gnu++20";
				CLANG_ENABLE_MODULES = YES;
				CLANG_ENABLE_OBJC_ARC = YES;
				CLANG_ENABLE_OBJC_WEAK = YES;
				CLANG_WARN_BLOCK_CAPTURE_AUTORELEASING = YES;
				CLANG_WARN_BOOL_CONVERSION = YES;
				CLANG_WARN_COMMA = YES;
				CLANG_WARN_CONSTANT_CONVERSION = YES;
				CLANG_WARN_DEPRECATED_OBJC_IMPLEMENTATIONS = YES;
				CLANG_WARN_DIRECT_OBJC_ISA_USAGE = YES_ERROR;
				CLANG_WARN_DOCUMENTATION_COMMENTS = YES;
				CLANG_WARN_EMPTY_BODY = YES;
				CLANG_WARN_ENUM_CONVERSION = YES;
				CLANG_WARN_INFINITE_RECURSION = YES;
				CLANG_WARN_INT_CONVERSION = YES;
				CLANG_WARN_NON_LITERAL_NULL_CONVERSION = YES;
				CLANG_WARN_OBJC_IMPLICIT_RETAIN_SELF = YES;
				CLANG_WARN_OBJC_LITERAL_CONVERSION = YES;
				CLANG_WARN_OBJC_ROOT_CLASS = YES_ERROR;
				CLANG_WARN_QUOTED_INCLUDE_IN_FRAMEWORK_HEADER = YES;
				CLANG_WARN_RANGE_LOOP_ANALYSIS = YES;
				CLANG_WARN_STRICT_PROTOTYPES = YES;
				CLANG_WARN_SUSPICIOUS_MOVE = YES;
				CLANG_WARN_UNGUARDED_AVAILABILITY = YES_AGGRESSIVE;
				CLANG_WARN_UNREACHABLE_CODE = YES;
				CLANG_WARN__DUPLICATE_METHOD_MATCH = YES;
				COPY_PHASE_STRIP = NO;
				DEBUG_INFORMATION_FORMAT = "dwarf-with-dsym";
				ENABLE_NS_ASSERTIONS = NO;
				ENABLE_STRICT_OBJC_MSGSEND = YES;
				ENABLE_USER_SCRIPT_SANDBOXING = YES;
				GCC_C_LANGUAGE_STANDARD = gnu17;
				GCC_NO_COMMON_BLOCKS = YES;
				GCC_WARN_64_TO_32_BIT_CONVERSION = YES;
				GCC_WARN_ABOUT_RETURN_TYPE = YES_ERROR;
				GCC_WARN_UNDECLARED_SELECTOR = YES;
				GCC_WARN_UNINITIALIZED_AUTOS = YES_AGGRESSIVE;
				GCC_WARN_UNUSED_FUNCTION = YES;
				GCC_WARN_UNUSED_VARIABLE = YES;
				LOCALIZATION_PREFERS_STRING_CATALOGS = YES;
				MACH_O_TYPE = mh_dylib;
				MACOSX_DEPLOYMENT_TARGET = 14.0;
				MTL_ENABLE_DEBUG_INFO = NO;
				MTL_FAST_MATH = YES;
				ONLY_ACTIVE_ARCH = NO;
				SDKROOT = macosx;
			};
			name = Release;
		};
		7A71C0EA2AF14549007EEEE0 /* Debug */ = {
			isa = XCBuildConfiguration;
			buildSettings = {
				CODE_SIGN_STYLE = Automatic;
				DEVELOPMENT_TEAM = 7FWM5LYB4M;
				DYLIB_COMPATIBILITY_VERSION = 1;
				DYLIB_CURRENT_VERSION = 1;
				DYLIB_INSTALL_NAME_BASE = "";
				EXECUTABLE_PREFIX = lib;
				LD_DYLIB_INSTALL_NAME = ../Libraries/libWavyBackgrounds.dylib;
				MACH_O_TYPE = mh_dylib;
				PRODUCT_NAME = "$(TARGET_NAME)";
				SKIP_INSTALL = YES;
			};
			name = Debug;
		};
		7A71C0EB2AF14549007EEEE0 /* Release */ = {
			isa = XCBuildConfiguration;
			buildSettings = {
				CODE_SIGN_STYLE = Automatic;
				DEVELOPMENT_TEAM = 7FWM5LYB4M;
				DYLIB_COMPATIBILITY_VERSION = 1;
				DYLIB_CURRENT_VERSION = 1;
				DYLIB_INSTALL_NAME_BASE = "";
				EXECUTABLE_PREFIX = lib;
				LD_DYLIB_INSTALL_NAME = ../Libraries/libWavyBackgrounds.dylib;
				MACH_O_TYPE = mh_dylib;
				PRODUCT_NAME = "$(TARGET_NAME)";
				SKIP_INSTALL = YES;
			};
			name = Release;
		};
/* End XCBuildConfiguration section */

/* Begin XCConfigurationList section */
		7A71C0DB2AF14549007EEEE0 /* Build configuration list for PBXProject "libWavyBackgrounds" */ = {
			isa = XCConfigurationList;
			buildConfigurations = (
				7A71C0E72AF14549007EEEE0 /* Debug */,
				7A71C0E82AF14549007EEEE0 /* Release */,
			);
			defaultConfigurationIsVisible = 0;
			defaultConfigurationName = Release;
		};
		7A71C0E92AF14549007EEEE0 /* Build configuration list for PBXNativeTarget "libWavyBackgrounds" */ = {
			isa = XCConfigurationList;
			buildConfigurations = (
				7A71C0EA2AF14549007EEEE0 /* Debug */,
				7A71C0EB2AF14549007EEEE0 /* Release */,
			);
			defaultConfigurationIsVisible = 0;
			defaultConfigurationName = Release;
		};
/* End XCConfigurationList section */
	};
	rootObject = 7A71C0D82AF14549007EEEE0 /* Project object */;
}
